{
  "nodes": {
    "nixpkgs": {
      "locked": {
        "lastModified": 1760878510,
        "narHash": "sha256-K5Osef2qexezUfs0alLvZ7nQFTGS9DL2oTVsIXsqLgs=",
        "owner": "nixos",
        "repo": "nixpkgs",
        "rev": "5e2a59a5b1a82f89f2c7e598302a9cacebb72a67",
        "type": "github"
      },
      "original": {
        "owner": "nixos",
        "ref": "nixos-unstable",
        "repo": "nixpkgs",
        "type": "github"
      }
    },
    "root": {
      "inputs": {
        "nixpkgs": "nixpkgs",
        "zmk": "zmk"
      }
    },
    "zmk": {
      "flake": false,
      "locked": {
        "lastModified": 1768512988,
        "narHash": "sha256-xh65fnyv1bKGE1pcvWErjU2oP6roGWbQgFHRrJ3Yzcs=",
        "owner": "moergo-sc",
        "repo": "zmk",
        "rev": "512f756b3be6a124424c1de295cfa68d86038139",
        "type": "github"
      },
      "original": {
        "owner": "moergo-sc",
        "ref": "pull/36/head",
        "repo": "zmk",
        "type": "github"
      }
    }
  },
  "root": "root",
  "version": 7
}
